
Microsoft Visual Studio Solution File, Format Version 12.00
# Visual Studio Version 16
VisualStudioVersion = 16.0.30011.22
MinimumVisualStudioVersion = 10.0.40219.1
Project("{FAE04EC0-301F-11D3-BF4B-00C04F79EFBC}") = "HardwareMonitor", "HardwareMonitor\HardwareMonitor.csproj", "{07BF5EA2-8455-4D0A-B7B1-C9A14383351C}"
EndProject
Global
	GlobalSection(SolutionConfigurationPlatforms) = preSolution
		Debug|Any CPU = Debug|Any CPU
		Release|Any CPU = Release|Any CPU
	EndGlobalSection
	GlobalSection(ProjectConfigurationPlatforms) = postSolution
		{07BF5EA2-8455-4D0A-B7B1-C9A14383351C}.Debug|Any CPU.ActiveCfg = Debug|Any CPU
		{07BF5EA2-8455-4D0A-B7B1-C9A14383351C}.Debug|Any CPU.Build.0 = Debug|Any CPU
		{07BF5EA2-8455-4D0A-B7B1-C9A14383351C}.Release|Any CPU.ActiveCfg = Release|Any CPU
		{07BF5EA2-8455-4D0A-B7B1-C9A14383351C}.Release|Any CPU.Build.0 = Release|Any CPU
	EndGlobalSection
	GlobalSection(SolutionProperties) = preSolution
		HideSolutionNode = FALSE
	EndGlobalSection
	GlobalSection(ExtensibilityGlobals) = postSolution
		SolutionGuid = {C00D5F30-04DB-43F0-9571-046E7664E1B9}
	EndGlobalSection
EndGlobal
